
Microsoft Visual Studio Solution File, Format Version 11.00
# Visual Studio 2010
Project("{8BC9CEB8-8B4A-11D0-8D11-00A0C91BC942}") = "shellcode_loader", "shellcode_loader.vcxproj", "{DDBEFF35-E2E1-4306-BD98-B85606A119C3}"
EndProject
Global
	GlobalSection(SolutionConfigurationPlatforms) = preSolution
		Debug|Win32 = Debug|Win32
		Release|Win32 = Release|Win32
	EndGlobalSection
	GlobalSection(ProjectConfigurationPlatforms) = postSolution
		{DDBEFF35-E2E1-4306-BD98-B85606A119C3}.Debug|Win32.ActiveCfg = Debug|Win32
		{DDBEFF35-E2E1-4306-BD98-B85606A119C3}.Debug|Win32.Build.0 = Debug|Win32
		{DDBEFF35-E2E1-4306-BD98-B85606A119C3}.Release|Win32.ActiveCfg = Release|Win32
		{DDBEFF35-E2E1-4306-BD98-B85606A119C3}.Release|Win32.Build.0 = Release|Win32
	EndGlobalSection
	GlobalSection(SolutionProperties) = preSolution
		HideSolutionNode = FALSE
	EndGlobalSection
EndGlobal
